{
    "version": 3,
    "terraform_version": "0.11.13",
    "serial": 18,
    "lineage": "d52a47a7-99f7-6c94-db11-e6b190aa5aed",
    "modules": [
        {
            "path": [
                "root"
            ],
            "outputs": {},
            "resources": {
                "aci_application_epg.epg1": {
                    "type": "aci_application_epg",
                    "depends_on": [
                        "aci_application_profile.app_prof",
                        "aci_bridge_domain.bd1"
                    ],
                    "primary": {
                        "id": "uni/tn-terraform_t1/ap-MyApp/epg-epg1",
                        "attributes": {
                            "annotation": "",
                            "application_profile_dn": "uni/tn-terraform_t1/ap-MyApp",
                            "description": "",
                            "exception_tag": "",
                            "flood_on_encap": "disabled",
                            "fwd_ctrl": "",
                            "has_mcast_source": "no",
                            "id": "uni/tn-terraform_t1/ap-MyApp/epg-epg1",
                            "is_attr_based_e_pg": "no",
                            "match_t": "AtleastOne",
                            "name": "epg1",
                            "name_alias": "",
                            "pc_enf_pref": "unenforced",
                            "pref_gr_memb": "exclude",
                            "prio": "unspecified",
                            "relation_fv_rs_bd": "bd1",
                            "relation_fv_rs_dom_att.#": "1",
                            "relation_fv_rs_dom_att.2260655420": "uni/vmmp-VMware/dom-vDS_ACI",
                            "shutdown": "no"
                        },
                        "meta": {
                            "schema_version": "1"
                        },
                        "tainted": false
                    },
                    "deposed": [],
                    "provider": "provider.aci"
                },
                "aci_application_epg.epg2": {
                    "type": "aci_application_epg",
                    "depends_on": [
                        "aci_application_profile.app_prof",
                        "aci_bridge_domain.bd_list.2"
                    ],
                    "primary": {
                        "id": "uni/tn-terraform_t1/ap-MyApp/epg-epg2",
                        "attributes": {
                            "annotation": "",
                            "application_profile_dn": "uni/tn-terraform_t1/ap-MyApp",
                            "description": "",
                            "exception_tag": "",
                            "flood_on_encap": "disabled",
                            "fwd_ctrl": "",
                            "has_mcast_source": "no",
                            "id": "uni/tn-terraform_t1/ap-MyApp/epg-epg2",
                            "is_attr_based_e_pg": "no",
                            "match_t": "AtleastOne",
                            "name": "epg2",
                            "name_alias": "",
                            "pc_enf_pref": "unenforced",
                            "pref_gr_memb": "exclude",
                            "prio": "unspecified",
                            "relation_fv_rs_bd": "BD4",
                            "relation_fv_rs_dom_att.#": "1",
                            "relation_fv_rs_dom_att.2260655420": "uni/vmmp-VMware/dom-vDS_ACI",
                            "shutdown": "no"
                        },
                        "meta": {
                            "schema_version": "1"
                        },
                        "tainted": false
                    },
                    "deposed": [],
                    "provider": "provider.aci"
                },
                "aci_application_profile.app_prof": {
                    "type": "aci_application_profile",
                    "depends_on": [
                        "aci_tenant.terraform_t1"
                    ],
                    "primary": {
                        "id": "uni/tn-terraform_t1/ap-MyApp",
                        "attributes": {
                            "annotation": "",
                            "description": "",
                            "id": "uni/tn-terraform_t1/ap-MyApp",
                            "name": "MyApp",
                            "name_alias": "",
                            "prio": "unspecified",
                            "tenant_dn": "uni/tn-terraform_t1"
                        },
                        "meta": {
                            "schema_version": "1"
                        },
                        "tainted": false
                    },
                    "deposed": [],
                    "provider": "provider.aci"
                },
                "aci_bridge_domain.bd1": {
                    "type": "aci_bridge_domain",
                    "depends_on": [
                        "aci_tenant.terraform_t1",
                        "aci_vrf.vrf1"
                    ],
                    "primary": {
                        "id": "uni/tn-terraform_t1/BD-bd1",
                        "attributes": {
                            "annotation": "",
                            "arp_flood": "no",
                            "description": "",
                            "ep_clear": "no",
                            "ep_move_detect_mode": "",
                            "host_based_routing": "no",
                            "id": "uni/tn-terraform_t1/BD-bd1",
                            "intersite_bum_traffic_allow": "no",
                            "intersite_l2_stretch": "no",
                            "ip_learning": "yes",
                            "ipv6_mcast_allow": "",
                            "limit_ip_learn_to_subnets": "yes",
                            "ll_addr": "::",
                            "mac": "00:22:BD:F8:19:FF",
                            "mcast_allow": "no",
                            "multi_dst_pkt_act": "bd-flood",
                            "name": "bd1",
                            "name_alias": "",
                            "optimize_wan_bandwidth": "no",
                            "relation_fv_rs_ctx": "vrf1",
                            "tenant_dn": "uni/tn-terraform_t1",
                            "type": "regular",
                            "unicast_route": "yes",
                            "unk_mac_ucast_act": "proxy",
                            "unk_mcast_act": "flood",
                            "v6unk_mcast_act": "",
                            "vmac": "not-applicable"
                        },
                        "meta": {
                            "schema_version": "1"
                        },
                        "tainted": false
                    },
                    "deposed": [],
                    "provider": "provider.aci"
                },
                "aci_bridge_domain.bd_list.0": {
                    "type": "aci_bridge_domain",
                    "depends_on": [
                        "aci_tenant.terraform_t1",
                        "aci_vrf.vrf1"
                    ],
                    "primary": {
                        "id": "uni/tn-terraform_t1/BD-BD2",
                        "attributes": {
                            "annotation": "",
                            "arp_flood": "no",
                            "description": "",
                            "ep_clear": "no",
                            "ep_move_detect_mode": "",
                            "host_based_routing": "no",
                            "id": "uni/tn-terraform_t1/BD-BD2",
                            "intersite_bum_traffic_allow": "no",
                            "intersite_l2_stretch": "no",
                            "ip_learning": "yes",
                            "ipv6_mcast_allow": "",
                            "limit_ip_learn_to_subnets": "yes",
                            "ll_addr": "::",
                            "mac": "00:22:BD:F8:19:FF",
                            "mcast_allow": "no",
                            "multi_dst_pkt_act": "bd-flood",
                            "name": "BD2",
                            "name_alias": "",
                            "optimize_wan_bandwidth": "no",
                            "relation_fv_rs_ctx": "vrf1",
                            "tenant_dn": "uni/tn-terraform_t1",
                            "type": "regular",
                            "unicast_route": "yes",
                            "unk_mac_ucast_act": "proxy",
                            "unk_mcast_act": "flood",
                            "v6unk_mcast_act": "",
                            "vmac": "not-applicable"
                        },
                        "meta": {
                            "schema_version": "1"
                        },
                        "tainted": false
                    },
                    "deposed": [],
                    "provider": "provider.aci"
                },
                "aci_bridge_domain.bd_list.1": {
                    "type": "aci_bridge_domain",
                    "depends_on": [
                        "aci_tenant.terraform_t1",
                        "aci_vrf.vrf1"
                    ],
                    "primary": {
                        "id": "uni/tn-terraform_t1/BD-BD3",
                        "attributes": {
                            "annotation": "",
                            "arp_flood": "no",
                            "description": "",
                            "ep_clear": "no",
                            "ep_move_detect_mode": "",
                            "host_based_routing": "no",
                            "id": "uni/tn-terraform_t1/BD-BD3",
                            "intersite_bum_traffic_allow": "no",
                            "intersite_l2_stretch": "no",
                            "ip_learning": "yes",
                            "ipv6_mcast_allow": "",
                            "limit_ip_learn_to_subnets": "yes",
                            "ll_addr": "::",
                            "mac": "00:22:BD:F8:19:FF",
                            "mcast_allow": "no",
                            "multi_dst_pkt_act": "bd-flood",
                            "name": "BD3",
                            "name_alias": "",
                            "optimize_wan_bandwidth": "no",
                            "relation_fv_rs_ctx": "vrf1",
                            "tenant_dn": "uni/tn-terraform_t1",
                            "type": "regular",
                            "unicast_route": "yes",
                            "unk_mac_ucast_act": "proxy",
                            "unk_mcast_act": "flood",
                            "v6unk_mcast_act": "",
                            "vmac": "not-applicable"
                        },
                        "meta": {
                            "schema_version": "1"
                        },
                        "tainted": false
                    },
                    "deposed": [],
                    "provider": "provider.aci"
                },
                "aci_bridge_domain.bd_list.2": {
                    "type": "aci_bridge_domain",
                    "depends_on": [
                        "aci_tenant.terraform_t1",
                        "aci_vrf.vrf1"
                    ],
                    "primary": {
                        "id": "uni/tn-terraform_t1/BD-BD4",
                        "attributes": {
                            "annotation": "",
                            "arp_flood": "no",
                            "description": "",
                            "ep_clear": "no",
                            "ep_move_detect_mode": "",
                            "host_based_routing": "no",
                            "id": "uni/tn-terraform_t1/BD-BD4",
                            "intersite_bum_traffic_allow": "no",
                            "intersite_l2_stretch": "no",
                            "ip_learning": "yes",
                            "ipv6_mcast_allow": "",
                            "limit_ip_learn_to_subnets": "yes",
                            "ll_addr": "::",
                            "mac": "00:22:BD:F8:19:FF",
                            "mcast_allow": "no",
                            "multi_dst_pkt_act": "bd-flood",
                            "name": "BD4",
                            "name_alias": "",
                            "optimize_wan_bandwidth": "no",
                            "relation_fv_rs_ctx": "vrf1",
                            "tenant_dn": "uni/tn-terraform_t1",
                            "type": "regular",
                            "unicast_route": "yes",
                            "unk_mac_ucast_act": "proxy",
                            "unk_mcast_act": "flood",
                            "v6unk_mcast_act": "",
                            "vmac": "not-applicable"
                        },
                        "meta": {
                            "schema_version": "1"
                        },
                        "tainted": false
                    },
                    "deposed": [],
                    "provider": "provider.aci"
                },
                "aci_subnet.bd_subnet": {
                    "type": "aci_subnet",
                    "depends_on": [
                        "aci_bridge_domain.bd1"
                    ],
                    "primary": {
                        "id": "uni/tn-terraform_t1/BD-bd1/subnet-[10.1.1.1/24]",
                        "attributes": {
                            "annotation": "",
                            "bridge_domain_dn": "uni/tn-terraform_t1/BD-bd1",
                            "ctrl": "nd",
                            "description": "",
                            "id": "uni/tn-terraform_t1/BD-bd1/subnet-[10.1.1.1/24]",
                            "ip": "10.1.1.1/24",
                            "name": "Subnet",
                            "name_alias": "",
                            "preferred": "no",
                            "scope": "private",
                            "virtual": "no"
                        },
                        "meta": {
                            "schema_version": "1"
                        },
                        "tainted": false
                    },
                    "deposed": [],
                    "provider": "provider.aci"
                },
                "aci_tenant.tenant_list.0": {
                    "type": "aci_tenant",
                    "depends_on": [],
                    "primary": {
                        "id": "uni/tn-terraform_t3",
                        "attributes": {
                            "annotation": "",
                            "description": "",
                            "id": "uni/tn-terraform_t3",
                            "name": "terraform_t3",
                            "name_alias": ""
                        },
                        "meta": {
                            "schema_version": "1"
                        },
                        "tainted": false
                    },
                    "deposed": [],
                    "provider": "provider.aci"
                },
                "aci_tenant.tenant_list.1": {
                    "type": "aci_tenant",
                    "depends_on": [],
                    "primary": {
                        "id": "uni/tn-terraform_t4",
                        "attributes": {
                            "annotation": "",
                            "description": "",
                            "id": "uni/tn-terraform_t4",
                            "name": "terraform_t4",
                            "name_alias": ""
                        },
                        "meta": {
                            "schema_version": "1"
                        },
                        "tainted": false
                    },
                    "deposed": [],
                    "provider": "provider.aci"
                },
                "aci_tenant.tenant_resource": {
                    "type": "aci_tenant",
                    "depends_on": [],
                    "primary": {
                        "id": "uni/tn-terraform_t2",
                        "attributes": {
                            "annotation": "",
                            "description": "",
                            "id": "uni/tn-terraform_t2",
                            "name": "terraform_t2",
                            "name_alias": ""
                        },
                        "meta": {
                            "schema_version": "1"
                        },
                        "tainted": false
                    },
                    "deposed": [],
                    "provider": "provider.aci"
                },
                "aci_tenant.terraform_t1": {
                    "type": "aci_tenant",
                    "depends_on": [],
                    "primary": {
                        "id": "uni/tn-terraform_t1",
                        "attributes": {
                            "annotation": "",
                            "description": "",
                            "id": "uni/tn-terraform_t1",
                            "name": "terraform_t1",
                            "name_alias": ""
                        },
                        "meta": {
                            "schema_version": "1"
                        },
                        "tainted": false
                    },
                    "deposed": [],
                    "provider": "provider.aci"
                },
                "aci_vrf.vrf1": {
                    "type": "aci_vrf",
                    "depends_on": [
                        "aci_tenant.terraform_t1"
                    ],
                    "primary": {
                        "id": "uni/tn-terraform_t1/ctx-vrf1",
                        "attributes": {
                            "annotation": "",
                            "bd_enforced_enable": "no",
                            "description": "",
                            "id": "uni/tn-terraform_t1/ctx-vrf1",
                            "ip_data_plane_learning": "enabled",
                            "knw_mcast_act": "permit",
                            "name": "vrf1",
                            "name_alias": "",
                            "pc_enf_dir": "ingress",
                            "pc_enf_pref": "enforced",
                            "tenant_dn": "uni/tn-terraform_t1"
                        },
                        "meta": {
                            "schema_version": "1"
                        },
                        "tainted": false
                    },
                    "deposed": [],
                    "provider": "provider.aci"
                },
                "data.vsphere_compute_cluster.cluster": {
                    "type": "vsphere_compute_cluster",
                    "depends_on": [
                        "data.vsphere_datacenter.dc"
                    ],
                    "primary": {
                        "id": "domain-c7",
                        "attributes": {
                            "datacenter_id": "datacenter-2",
                            "id": "domain-c7",
                            "name": "LAB",
                            "resource_pool_id": "resgroup-8"
                        },
                        "meta": {},
                        "tainted": false
                    },
                    "deposed": [],
                    "provider": "provider.vsphere"
                },
                "data.vsphere_datacenter.dc": {
                    "type": "vsphere_datacenter",
                    "depends_on": [],
                    "primary": {
                        "id": "datacenter-2",
                        "attributes": {
                            "id": "datacenter-2",
                            "name": "Xentaurs"
                        },
                        "meta": {},
                        "tainted": false
                    },
                    "deposed": [],
                    "provider": "provider.vsphere"
                },
                "data.vsphere_datastore.datastore": {
                    "type": "vsphere_datastore",
                    "depends_on": [
                        "data.vsphere_datacenter.dc"
                    ],
                    "primary": {
                        "id": "datastore-12",
                        "attributes": {
                            "datacenter_id": "datacenter-2",
                            "id": "datastore-12",
                            "name": "vsanDatastore"
                        },
                        "meta": {},
                        "tainted": false
                    },
                    "deposed": [],
                    "provider": "provider.vsphere"
                },
                "data.vsphere_network.network": {
                    "type": "vsphere_network",
                    "depends_on": [
                        "data.vsphere_datacenter.dc"
                    ],
                    "primary": {
                        "id": "dvportgroup-8501",
                        "attributes": {
                            "datacenter_id": "datacenter-2",
                            "id": "dvportgroup-8501",
                            "name": "terraform_t1|MyApp|epg1",
                            "type": "DistributedVirtualPortgroup"
                        },
                        "meta": {},
                        "tainted": false
                    },
                    "deposed": [],
                    "provider": "provider.vsphere"
                },
                "data.vsphere_virtual_machine.template": {
                    "type": "vsphere_virtual_machine",
                    "depends_on": [
                        "data.vsphere_datacenter.dc"
                    ],
                    "primary": {
                        "id": "42067641-4a26-cabc-a747-42ff8efafcfc",
                        "attributes": {
                            "alternate_guest_name": "",
                            "datacenter_id": "datacenter-2",
                            "disks.#": "1",
                            "disks.0.eagerly_scrub": "false",
                            "disks.0.size": "30",
                            "disks.0.thin_provisioned": "true",
                            "firmware": "bios",
                            "guest_id": "centos64Guest",
                            "id": "42067641-4a26-cabc-a747-42ff8efafcfc",
                            "name": "centos7-template",
                            "network_interface_types.#": "1",
                            "network_interface_types.0": "e1000",
                            "scsi_bus_sharing": "noSharing",
                            "scsi_controller_scan_count": "1",
                            "scsi_type": "lsilogic"
                        },
                        "meta": {},
                        "tainted": false
                    },
                    "deposed": [],
                    "provider": "provider.vsphere"
                },
                "vsphere_virtual_machine.vm": {
                    "type": "vsphere_virtual_machine",
                    "depends_on": [
                        "data.vsphere_compute_cluster.cluster",
                        "data.vsphere_datastore.datastore",
                        "data.vsphere_network.network",
                        "data.vsphere_virtual_machine.template"
                    ],
                    "primary": {
                        "id": "4206a560-12a9-a904-5a8f-a0a048d50ebd",
                        "attributes": {
                            "alternate_guest_name": "",
                            "annotation": "",
                            "boot_delay": "0",
                            "boot_retry_delay": "10000",
                            "boot_retry_enabled": "false",
                            "cdrom.#": "0",
                            "change_version": "2019-04-11T19:54:26.398024Z",
                            "clone.#": "1",
                            "clone.0.customize.#": "1",
                            "clone.0.customize.0.dns_server_list.#": "0",
                            "clone.0.customize.0.dns_suffix_list.#": "0",
                            "clone.0.customize.0.ipv4_gateway": "10.1.1.1",
                            "clone.0.customize.0.ipv6_gateway": "",
                            "clone.0.customize.0.linux_options.#": "1",
                            "clone.0.customize.0.linux_options.0.domain": "test.internal",
                            "clone.0.customize.0.linux_options.0.host_name": "terraform-test",
                            "clone.0.customize.0.linux_options.0.hw_clock_utc": "true",
                            "clone.0.customize.0.linux_options.0.time_zone": "",
                            "clone.0.customize.0.network_interface.#": "1",
                            "clone.0.customize.0.network_interface.0.dns_domain": "",
                            "clone.0.customize.0.network_interface.0.dns_server_list.#": "0",
                            "clone.0.customize.0.network_interface.0.ipv4_address": "10.1.1.10",
                            "clone.0.customize.0.network_interface.0.ipv4_netmask": "24",
                            "clone.0.customize.0.network_interface.0.ipv6_address": "",
                            "clone.0.customize.0.network_interface.0.ipv6_netmask": "0",
                            "clone.0.customize.0.timeout": "10",
                            "clone.0.customize.0.windows_options.#": "0",
                            "clone.0.customize.0.windows_sysprep_text": "",
                            "clone.0.linked_clone": "false",
                            "clone.0.template_uuid": "42067641-4a26-cabc-a747-42ff8efafcfc",
                            "clone.0.timeout": "30",
                            "cpu_hot_add_enabled": "false",
                            "cpu_hot_remove_enabled": "false",
                            "cpu_limit": "-1",
                            "cpu_performance_counters_enabled": "false",
                            "cpu_reservation": "0",
                            "cpu_share_count": "1000",
                            "cpu_share_level": "normal",
                            "custom_attributes.%": "0",
                            "datastore_id": "datastore-12",
                            "default_ip_address": "10.1.1.10",
                            "disk.#": "1",
                            "disk.0.attach": "false",
                            "disk.0.datastore_id": "datastore-12",
                            "disk.0.device_address": "scsi:0:0",
                            "disk.0.disk_mode": "persistent",
                            "disk.0.disk_sharing": "sharingNone",
                            "disk.0.eagerly_scrub": "false",
                            "disk.0.io_limit": "-1",
                            "disk.0.io_reservation": "0",
                            "disk.0.io_share_count": "1000",
                            "disk.0.io_share_level": "normal",
                            "disk.0.keep_on_remove": "false",
                            "disk.0.key": "2000",
                            "disk.0.label": "disk0",
                            "disk.0.name": "",
                            "disk.0.path": "aa9aaf5c-2c20-341b-4d42-0025b500a06f/terraform-centos7.vmdk",
                            "disk.0.size": "30",
                            "disk.0.thin_provisioned": "true",
                            "disk.0.unit_number": "0",
                            "disk.0.uuid": "6000C293-52a9-bbd1-611b-640ff8fcf83e",
                            "disk.0.write_through": "false",
                            "efi_secure_boot_enabled": "false",
                            "enable_disk_uuid": "false",
                            "enable_logging": "false",
                            "ept_rvi_mode": "automatic",
                            "extra_config.%": "0",
                            "firmware": "bios",
                            "folder": "Terraform_Test",
                            "force_power_off": "true",
                            "guest_id": "centos64Guest",
                            "guest_ip_addresses.#": "2",
                            "guest_ip_addresses.0": "10.1.1.10",
                            "guest_ip_addresses.1": "fe80::250:56ff:fe86:3a33",
                            "host_system_id": "host-3553",
                            "hv_mode": "hvAuto",
                            "id": "4206a560-12a9-a904-5a8f-a0a048d50ebd",
                            "latency_sensitivity": "normal",
                            "memory": "1024",
                            "memory_hot_add_enabled": "false",
                            "memory_limit": "-1",
                            "memory_reservation": "0",
                            "memory_share_count": "10240",
                            "memory_share_level": "normal",
                            "migrate_wait_timeout": "30",
                            "moid": "vm-8503",
                            "name": "terraform-centos7",
                            "nested_hv_enabled": "false",
                            "network_interface.#": "1",
                            "network_interface.0.adapter_type": "e1000",
                            "network_interface.0.bandwidth_limit": "-1",
                            "network_interface.0.bandwidth_reservation": "0",
                            "network_interface.0.bandwidth_share_count": "50",
                            "network_interface.0.bandwidth_share_level": "normal",
                            "network_interface.0.device_address": "pci:0:7",
                            "network_interface.0.key": "4000",
                            "network_interface.0.mac_address": "00:50:56:86:3a:33",
                            "network_interface.0.network_id": "dvportgroup-8501",
                            "network_interface.0.use_static_mac": "false",
                            "num_cores_per_socket": "1",
                            "num_cpus": "1",
                            "reboot_required": "false",
                            "resource_pool_id": "resgroup-8",
                            "run_tools_scripts_after_power_on": "true",
                            "run_tools_scripts_after_resume": "true",
                            "run_tools_scripts_before_guest_reboot": "false",
                            "run_tools_scripts_before_guest_shutdown": "true",
                            "run_tools_scripts_before_guest_standby": "true",
                            "scsi_bus_sharing": "noSharing",
                            "scsi_controller_count": "1",
                            "scsi_type": "lsilogic",
                            "shutdown_wait_timeout": "3",
                            "swap_placement_policy": "inherit",
                            "sync_time_with_host": "false",
                            "tags.#": "0",
                            "uuid": "4206a560-12a9-a904-5a8f-a0a048d50ebd",
                            "vapp_transport.#": "0",
                            "vmware_tools_status": "guestToolsRunning",
                            "vmx_path": "aa9aaf5c-2c20-341b-4d42-0025b500a06f/terraform-centos7.vmx",
                            "wait_for_guest_ip_timeout": "0",
                            "wait_for_guest_net_routable": "true",
                            "wait_for_guest_net_timeout": "5"
                        },
                        "meta": {
                            "schema_version": "3"
                        },
                        "tainted": false
                    },
                    "deposed": [],
                    "provider": "provider.vsphere"
                }
            },
            "depends_on": []
        }
    ]
}
